// !$*UTF8*$!
{
	archiveVersion = 1;
	classes = {
	};
	objectVersion = 56;
	objects = {

/* Begin PBXBuildFile section */
		0831EA992BB2200B009CA4FC /* ZBallersDetailView.swift in Sources */ = {isa = PBXBuildFile; fileRef = 0831EA982BB2200B009CA4FC /* ZBallersDetailView.swift */; };
		0831EA9B2BB228F1009CA4FC /* GoodShotBhaiyasDetailView.swift in Sources */ = {isa = PBXBuildFile; fileRef = 0831EA9A2BB228F1009CA4FC /* GoodShotBhaiyasDetailView.swift */; };
		0831EA9D2BB3422C009CA4FC /* DunkinHanumansDetailView.swift in Sources */ = {isa = PBXBuildFile; fileRef = 0831EA9C2BB3422C009CA4FC /* DunkinHanumansDetailView.swift */; };
		0831EA9F2BB34365009CA4FC /* FlyingNimbusDetailView.swift in Sources */ = {isa = PBXBuildFile; fileRef = 0831EA9E2BB34365009CA4FC /* FlyingNimbusDetailView.swift */; };
		0831EAA12BB3454B009CA4FC /* SnowLionsDetailView.swift in Sources */ = {isa = PBXBuildFile; fileRef = 0831EAA02BB3454B009CA4FC /* SnowLionsDetailView.swift */; };
		0831EAA32BB3459D009CA4FC /* TeamTibetDetailView.swift in Sources */ = {isa = PBXBuildFile; fileRef = 0831EAA22BB3459D009CA4FC /* TeamTibetDetailView.swift */; };
		0831EAA52BB34901009CA4FC /* KathmanduKingsDetailView.swift in Sources */ = {isa = PBXBuildFile; fileRef = 0831EAA42BB34901009CA4FC /* KathmanduKingsDetailView.swift */; };
		0831EAA72BB355D9009CA4FC /* HoliCrossoverDetailView.swift in Sources */ = {isa = PBXBuildFile; fileRef = 0831EAA62BB355D9009CA4FC /* HoliCrossoverDetailView.swift */; };
		0831EAA92BB4B550009CA4FC /* NewsView.swift in Sources */ = {isa = PBXBuildFile; fileRef = 0831EAA82BB4B550009CA4FC /* NewsView.swift */; };
		083550222BC722A6009EE423 /* FirebaseAnalytics in Frameworks */ = {isa = PBXBuildFile; productRef = 083550212BC722A6009EE423 /* FirebaseAnalytics */; };
		083550242BC722A6009EE423 /* FirebaseAnalyticsSwift in Frameworks */ = {isa = PBXBuildFile; productRef = 083550232BC722A6009EE423 /* FirebaseAnalyticsSwift */; };
		083550262BC722A6009EE423 /* FirebaseAuth in Frameworks */ = {isa = PBXBuildFile; productRef = 083550252BC722A6009EE423 /* FirebaseAuth */; };
		083550282BC722A6009EE423 /* FirebaseCrashlytics in Frameworks */ = {isa = PBXBuildFile; productRef = 083550272BC722A6009EE423 /* FirebaseCrashlytics */; };
		0835502A2BC722A6009EE423 /* FirebaseDatabase in Frameworks */ = {isa = PBXBuildFile; productRef = 083550292BC722A6009EE423 /* FirebaseDatabase */; };
		0835502C2BC722A6009EE423 /* FirebaseDatabaseSwift in Frameworks */ = {isa = PBXBuildFile; productRef = 0835502B2BC722A6009EE423 /* FirebaseDatabaseSwift */; };
		083550F42BD0083B009EE423 /* RulesView.swift in Sources */ = {isa = PBXBuildFile; fileRef = 083550F32BD0083A009EE423 /* RulesView.swift */; };
		08461A9E2BAE79F900A739BA /* HBAApp.swift in Sources */ = {isa = PBXBuildFile; fileRef = 08461A9D2BAE79F900A739BA /* HBAApp.swift */; };
		08461AA02BAE79F900A739BA /* ContentView.swift in Sources */ = {isa = PBXBuildFile; fileRef = 08461A9F2BAE79F900A739BA /* ContentView.swift */; };
		08461AA22BAE79FB00A739BA /* Assets.xcassets in Resources */ = {isa = PBXBuildFile; fileRef = 08461AA12BAE79FB00A739BA /* Assets.xcassets */; };
		08461AA52BAE79FB00A739BA /* Preview Assets.xcassets in Resources */ = {isa = PBXBuildFile; fileRef = 08461AA42BAE79FB00A739BA /* Preview Assets.xcassets */; };
		08461AAC2BAE83E000A739BA /* HomeView.swift in Sources */ = {isa = PBXBuildFile; fileRef = 08461AAB2BAE83E000A739BA /* HomeView.swift */; };
		08461AB22BB0ABB200A739BA /* ScheduleView.swift in Sources */ = {isa = PBXBuildFile; fileRef = 08461AB12BB0ABB200A739BA /* ScheduleView.swift */; };
		08461AB42BB0ACFE00A739BA /* TeamsView.swift in Sources */ = {isa = PBXBuildFile; fileRef = 08461AB32BB0ACFE00A739BA /* TeamsView.swift */; };
		087C4A442BB5EF94008FE252 /* GoogleService-Info (2).plist in Resources */ = {isa = PBXBuildFile; fileRef = 087C4A432BB5EF94008FE252 /* GoogleService-Info (2).plist */; };
		087C4A462BB650D2008FE252 /* PlayerProfileView.swift in Sources */ = {isa = PBXBuildFile; fileRef = 087C4A452BB650D2008FE252 /* PlayerProfileView.swift */; };
		087C4A482BB65233008FE252 /* Common.swift in Sources */ = {isa = PBXBuildFile; fileRef = 087C4A472BB65233008FE252 /* Common.swift */; };
		087C4A4A2BB8802C008FE252 /* StatsView.swift in Sources */ = {isa = PBXBuildFile; fileRef = 087C4A492BB8802C008FE252 /* StatsView.swift */; };
		087C4A4C2BBC5E8A008FE252 /* StandingsView.swift in Sources */ = {isa = PBXBuildFile; fileRef = 087C4A4B2BBC5E8A008FE252 /* StandingsView.swift */; };
/* End PBXBuildFile section */

/* Begin PBXFileReference section */
		0831EA982BB2200B009CA4FC /* ZBallersDetailView.swift */ = {isa = PBXFileReference; lastKnownFileType = sourcecode.swift; path = ZBallersDetailView.swift; sourceTree = "<group>"; };
		0831EA9A2BB228F1009CA4FC /* GoodShotBhaiyasDetailView.swift */ = {isa = PBXFileReference; lastKnownFileType = sourcecode.swift; path = GoodShotBhaiyasDetailView.swift; sourceTree = "<group>"; };
		0831EA9C2BB3422C009CA4FC /* DunkinHanumansDetailView.swift */ = {isa = PBXFileReference; lastKnownFileType = sourcecode.swift; path = DunkinHanumansDetailView.swift; sourceTree = "<group>"; };
		0831EA9E2BB34365009CA4FC /* FlyingNimbusDetailView.swift */ = {isa = PBXFileReference; lastKnownFileType = sourcecode.swift; path = FlyingNimbusDetailView.swift; sourceTree = "<group>"; };
		0831EAA02BB3454B009CA4FC /* SnowLionsDetailView.swift */ = {isa = PBXFileReference; lastKnownFileType = sourcecode.swift; path = SnowLionsDetailView.swift; sourceTree = "<group>"; };
		0831EAA22BB3459D009CA4FC /* TeamTibetDetailView.swift */ = {isa = PBXFileReference; lastKnownFileType = sourcecode.swift; path = TeamTibetDetailView.swift; sourceTree = "<group>"; };
		0831EAA42BB34901009CA4FC /* KathmanduKingsDetailView.swift */ = {isa = PBXFileReference; lastKnownFileType = sourcecode.swift; path = KathmanduKingsDetailView.swift; sourceTree = "<group>"; };
		0831EAA62BB355D9009CA4FC /* HoliCrossoverDetailView.swift */ = {isa = PBXFileReference; lastKnownFileType = sourcecode.swift; path = HoliCrossoverDetailView.swift; sourceTree = "<group>"; };
		0831EAA82BB4B550009CA4FC /* NewsView.swift */ = {isa = PBXFileReference; lastKnownFileType = sourcecode.swift; path = NewsView.swift; sourceTree = "<group>"; };
		083550F32BD0083A009EE423 /* RulesView.swift */ = {isa = PBXFileReference; lastKnownFileType = sourcecode.swift; path = RulesView.swift; sourceTree = "<group>"; };
		08461A9A2BAE79F900A739BA /* HBA.app */ = {isa = PBXFileReference; explicitFileType = wrapper.application; includeInIndex = 0; path = HBA.app; sourceTree = BUILT_PRODUCTS_DIR; };
		08461A9D2BAE79F900A739BA /* HBAApp.swift */ = {isa = PBXFileReference; lastKnownFileType = sourcecode.swift; path = HBAApp.swift; sourceTree = "<group>"; };
		08461A9F2BAE79F900A739BA /* ContentView.swift */ = {isa = PBXFileReference; lastKnownFileType = sourcecode.swift; path = ContentView.swift; sourceTree = "<group>"; };
		08461AA12BAE79FB00A739BA /* Assets.xcassets */ = {isa = PBXFileReference; lastKnownFileType = folder.assetcatalog; path = Assets.xcassets; sourceTree = "<group>"; };
		08461AA42BAE79FB00A739BA /* Preview Assets.xcassets */ = {isa = PBXFileReference; lastKnownFileType = folder.assetcatalog; path = "Preview Assets.xcassets"; sourceTree = "<group>"; };
		08461AAB2BAE83E000A739BA /* HomeView.swift */ = {isa = PBXFileReference; lastKnownFileType = sourcecode.swift; path = HomeView.swift; sourceTree = "<group>"; };
		08461AB12BB0ABB200A739BA /* ScheduleView.swift */ = {isa = PBXFileReference; lastKnownFileType = sourcecode.swift; path = ScheduleView.swift; sourceTree = "<group>"; };
		08461AB32BB0ACFE00A739BA /* TeamsView.swift */ = {isa = PBXFileReference; lastKnownFileType = sourcecode.swift; path = TeamsView.swift; sourceTree = "<group>"; };
		087C4A432BB5EF94008FE252 /* GoogleService-Info (2).plist */ = {isa = PBXFileReference; fileEncoding = 4; lastKnownFileType = text.plist.xml; path = "GoogleService-Info (2).plist"; sourceTree = "<group>"; };
		087C4A452BB650D2008FE252 /* PlayerProfileView.swift */ = {isa = PBXFileReference; lastKnownFileType = sourcecode.swift; path = PlayerProfileView.swift; sourceTree = "<group>"; };
		087C4A472BB65233008FE252 /* Common.swift */ = {isa = PBXFileReference; lastKnownFileType = sourcecode.swift; path = Common.swift; sourceTree = "<group>"; };
		087C4A492BB8802C008FE252 /* StatsView.swift */ = {isa = PBXFileReference; lastKnownFileType = sourcecode.swift; path = StatsView.swift; sourceTree = "<group>"; };
		087C4A4B2BBC5E8A008FE252 /* StandingsView.swift */ = {isa = PBXFileReference; lastKnownFileType = sourcecode.swift; path = StandingsView.swift; sourceTree = "<group>"; };
/* End PBXFileReference section */

/* Begin PBXFrameworksBuildPhase section */
		08461A972BAE79F900A739BA /* Frameworks */ = {
			isa = PBXFrameworksBuildPhase;
			buildActionMask = 2147483647;
			files = (
				0835502C2BC722A6009EE423 /* FirebaseDatabaseSwift in Frameworks */,
				0835502A2BC722A6009EE423 /* FirebaseDatabase in Frameworks */,
				083550242BC722A6009EE423 /* FirebaseAnalyticsSwift in Frameworks */,
				083550282BC722A6009EE423 /* FirebaseCrashlytics in Frameworks */,
				083550262BC722A6009EE423 /* FirebaseAuth in Frameworks */,
				083550222BC722A6009EE423 /* FirebaseAnalytics in Frameworks */,
			);
			runOnlyForDeploymentPostprocessing = 0;
		};
/* End PBXFrameworksBuildPhase section */

/* Begin PBXGroup section */
		08461A912BAE79F900A739BA = {
			isa = PBXGroup;
			children = (
				08461A9C2BAE79F900A739BA /* HBA */,
				08461A9B2BAE79F900A739BA /* Products */,
			);
			sourceTree = "<group>";
		};
		08461A9B2BAE79F900A739BA /* Products */ = {
			isa = PBXGroup;
			children = (
				08461A9A2BAE79F900A739BA /* HBA.app */,
			);
			name = Products;
			sourceTree = "<group>";
		};
		08461A9C2BAE79F900A739BA /* HBA */ = {
			isa = PBXGroup;
			children = (
				08461A9D2BAE79F900A739BA /* HBAApp.swift */,
				087C4A472BB65233008FE252 /* Common.swift */,
				08461A9F2BAE79F900A739BA /* ContentView.swift */,
				08461AAB2BAE83E000A739BA /* HomeView.swift */,
				08461AB12BB0ABB200A739BA /* ScheduleView.swift */,
				0831EAA82BB4B550009CA4FC /* NewsView.swift */,
				083550F32BD0083A009EE423 /* RulesView.swift */,
				08461AB32BB0ACFE00A739BA /* TeamsView.swift */,
				087C4A492BB8802C008FE252 /* StatsView.swift */,
				087C4A4B2BBC5E8A008FE252 /* StandingsView.swift */,
				0831EA982BB2200B009CA4FC /* ZBallersDetailView.swift */,
				0831EA9C2BB3422C009CA4FC /* DunkinHanumansDetailView.swift */,
				0831EA9E2BB34365009CA4FC /* FlyingNimbusDetailView.swift */,
				0831EA9A2BB228F1009CA4FC /* GoodShotBhaiyasDetailView.swift */,
				0831EAA02BB3454B009CA4FC /* SnowLionsDetailView.swift */,
				0831EAA22BB3459D009CA4FC /* TeamTibetDetailView.swift */,
				0831EAA42BB34901009CA4FC /* KathmanduKingsDetailView.swift */,
				0831EAA62BB355D9009CA4FC /* HoliCrossoverDetailView.swift */,
				087C4A452BB650D2008FE252 /* PlayerProfileView.swift */,
				087C4A432BB5EF94008FE252 /* GoogleService-Info (2).plist */,
				08461AA12BAE79FB00A739BA /* Assets.xcassets */,
				08461AA32BAE79FB00A739BA /* Preview Content */,
			);
			path = HBA;
			sourceTree = "<group>";
		};
		08461AA32BAE79FB00A739BA /* Preview Content */ = {
			isa = PBXGroup;
			children = (
				08461AA42BAE79FB00A739BA /* Preview Assets.xcassets */,
			);
			path = "Preview Content";
			sourceTree = "<group>";
		};
/* End PBXGroup section */

/* Begin PBXNativeTarget section */
		08461A992BAE79F900A739BA /* HBA */ = {
			isa = PBXNativeTarget;
			buildConfigurationList = 08461AA82BAE79FB00A739BA /* Build configuration list for PBXNativeTarget "HBA" */;
			buildPhases = (
				08461A962BAE79F900A739BA /* Sources */,
				08461A972BAE79F900A739BA /* Frameworks */,
				08461A982BAE79F900A739BA /* Resources */,
			);
			buildRules = (
			);
			dependencies = (
			);
			name = HBA;
			packageProductDependencies = (
				083550212BC722A6009EE423 /* FirebaseAnalytics */,
				083550232BC722A6009EE423 /* FirebaseAnalyticsSwift */,
				083550252BC722A6009EE423 /* FirebaseAuth */,
				083550272BC722A6009EE423 /* FirebaseCrashlytics */,
				083550292BC722A6009EE423 /* FirebaseDatabase */,
				0835502B2BC722A6009EE423 /* FirebaseDatabaseSwift */,
			);
			productName = HBA;
			productReference = 08461A9A2BAE79F900A739BA /* HBA.app */;
			productType = "com.apple.product-type.application";
		};
/* End PBXNativeTarget section */

/* Begin PBXProject section */
		08461A922BAE79F900A739BA /* Project object */ = {
			isa = PBXProject;
			attributes = {
				BuildIndependentTargetsInParallel = 1;
				LastSwiftUpdateCheck = 1530;
				LastUpgradeCheck = 1530;
				TargetAttributes = {
					08461A992BAE79F900A739BA = {
						CreatedOnToolsVersion = 15.3;
					};
				};
			};
			buildConfigurationList = 08461A952BAE79F900A739BA /* Build configuration list for PBXProject "HBA" */;
			compatibilityVersion = "Xcode 14.0";
			developmentRegion = en;
			hasScannedForEncodings = 0;
			knownRegions = (
				en,
				Base,
			);
			mainGroup = 08461A912BAE79F900A739BA;
			packageReferences = (
				083550202BC722A6009EE423 /* XCRemoteSwiftPackageReference "firebase-ios-sdk" */,
			);
			productRefGroup = 08461A9B2BAE79F900A739BA /* Products */;
			projectDirPath = "";
			projectRoot = "";
			targets = (
				08461A992BAE79F900A739BA /* HBA */,
			);
		};
/* End PBXProject section */

/* Begin PBXResourcesBuildPhase section */
		08461A982BAE79F900A739BA /* Resources */ = {
			isa = PBXResourcesBuildPhase;
			buildActionMask = 2147483647;
			files = (
				08461AA52BAE79FB00A739BA /* Preview Assets.xcassets in Resources */,
				087C4A442BB5EF94008FE252 /* GoogleService-Info (2).plist in Resources */,
				08461AA22BAE79FB00A739BA /* Assets.xcassets in Resources */,
			);
			runOnlyForDeploymentPostprocessing = 0;
		};
/* End PBXResourcesBuildPhase section */

/* Begin PBXSourcesBuildPhase section */
		08461A962BAE79F900A739BA /* Sources */ = {
			isa = PBXSourcesBuildPhase;
			buildActionMask = 2147483647;
			files = (
				087C4A482BB65233008FE252 /* Common.swift in Sources */,
				0831EAA12BB3454B009CA4FC /* SnowLionsDetailView.swift in Sources */,
				0831EA9D2BB3422C009CA4FC /* DunkinHanumansDetailView.swift in Sources */,
				0831EA9B2BB228F1009CA4FC /* GoodShotBhaiyasDetailView.swift in Sources */,
				0831EAA92BB4B550009CA4FC /* NewsView.swift in Sources */,
				08461AB22BB0ABB200A739BA /* ScheduleView.swift in Sources */,
				087C4A462BB650D2008FE252 /* PlayerProfileView.swift in Sources */,
				0831EAA32BB3459D009CA4FC /* TeamTibetDetailView.swift in Sources */,
				0831EAA72BB355D9009CA4FC /* HoliCrossoverDetailView.swift in Sources */,
				08461AAC2BAE83E000A739BA /* HomeView.swift in Sources */,
				08461AA02BAE79F900A739BA /* ContentView.swift in Sources */,
				0831EA992BB2200B009CA4FC /* ZBallersDetailView.swift in Sources */,
				087C4A4A2BB8802C008FE252 /* StatsView.swift in Sources */,
				083550F42BD0083B009EE423 /* RulesView.swift in Sources */,
				08461A9E2BAE79F900A739BA /* HBAApp.swift in Sources */,
				087C4A4C2BBC5E8A008FE252 /* StandingsView.swift in Sources */,
				08461AB42BB0ACFE00A739BA /* TeamsView.swift in Sources */,
				0831EA9F2BB34365009CA4FC /* FlyingNimbusDetailView.swift in Sources */,
				0831EAA52BB34901009CA4FC /* KathmanduKingsDetailView.swift in Sources */,
			);
			runOnlyForDeploymentPostprocessing = 0;
		};
/* End PBXSourcesBuildPhase section */

/* Begin XCBuildConfiguration section */
		08461AA62BAE79FB00A739BA /* Debug */ = {
			isa = XCBuildConfiguration;
			buildSettings = {
				ALWAYS_SEARCH_USER_PATHS = NO;
				ASSETCATALOG_COMPILER_GENERATE_SWIFT_ASSET_SYMBOL_EXTENSIONS = YES;
				CLANG_ANALYZER_NONNULL = YES;
				CLANG_ANALYZER_NUMBER_OBJECT_CONVERSION = YES_AGGRESSIVE;
				CLANG_CXX_LANGUAGE_STANDARD = "gnu++20";
				CLANG_ENABLE_MODULES = YES;
				CLANG_ENABLE_OBJC_ARC = YES;
				CLANG_ENABLE_OBJC_WEAK = YES;
				CLANG_WARN_BLOCK_CAPTURE_AUTORELEASING = YES;
				CLANG_WARN_BOOL_CONVERSION = YES;
				CLANG_WARN_COMMA = YES;
				CLANG_WARN_CONSTANT_CONVERSION = YES;
				CLANG_WARN_DEPRECATED_OBJC_IMPLEMENTATIONS = YES;
				CLANG_WARN_DIRECT_OBJC_ISA_USAGE = YES_ERROR;
				CLANG_WARN_DOCUMENTATION_COMMENTS = YES;
				CLANG_WARN_EMPTY_BODY = YES;
				CLANG_WARN_ENUM_CONVERSION = YES;
				CLANG_WARN_INFINITE_RECURSION = YES;
				CLANG_WARN_INT_CONVERSION = YES;
				CLANG_WARN_NON_LITERAL_NULL_CONVERSION = YES;
				CLANG_WARN_OBJC_IMPLICIT_RETAIN_SELF = YES;
				CLANG_WARN_OBJC_LITERAL_CONVERSION = YES;
				CLANG_WARN_OBJC_ROOT_CLASS = YES_ERROR;
				CLANG_WARN_QUOTED_INCLUDE_IN_FRAMEWORK_HEADER = YES;
				CLANG_WARN_RANGE_LOOP_ANALYSIS = YES;
				CLANG_WARN_STRICT_PROTOTYPES = YES;
				CLANG_WARN_SUSPICIOUS_MOVE = YES;
				CLANG_WARN_UNGUARDED_AVAILABILITY = YES_AGGRESSIVE;
				CLANG_WARN_UNREACHABLE_CODE = YES;
				CLANG_WARN__DUPLICATE_METHOD_MATCH = YES;
				COPY_PHASE_STRIP = NO;
				DEBUG_INFORMATION_FORMAT = dwarf;
				ENABLE_STRICT_OBJC_MSGSEND = YES;
				ENABLE_TESTABILITY = YES;
				ENABLE_USER_SCRIPT_SANDBOXING = YES;
				GCC_C_LANGUAGE_STANDARD = gnu17;
				GCC_DYNAMIC_NO_PIC = NO;
				GCC_NO_COMMON_BLOCKS = YES;
				GCC_OPTIMIZATION_LEVEL = 0;
				GCC_PREPROCESSOR_DEFINITIONS = (
					"DEBUG=1",
					"$(inherited)",
				);
				GCC_WARN_64_TO_32_BIT_CONVERSION = YES;
				GCC_WARN_ABOUT_RETURN_TYPE = YES_ERROR;
				GCC_WARN_UNDECLARED_SELECTOR = YES;
				GCC_WARN_UNINITIALIZED_AUTOS = YES_AGGRESSIVE;
				GCC_WARN_UNUSED_FUNCTION = YES;
				GCC_WARN_UNUSED_VARIABLE = YES;
				IPHONEOS_DEPLOYMENT_TARGET = 17.4;
				LOCALIZATION_PREFERS_STRING_CATALOGS = YES;
				MTL_ENABLE_DEBUG_INFO = INCLUDE_SOURCE;
				MTL_FAST_MATH = YES;
				ONLY_ACTIVE_ARCH = YES;
				SDKROOT = iphoneos;
				SWIFT_ACTIVE_COMPILATION_CONDITIONS = "DEBUG $(inherited)";
				SWIFT_OPTIMIZATION_LEVEL = "-Onone";
			};
			name = Debug;
		};
		08461AA72BAE79FB00A739BA /* Release */ = {
			isa = XCBuildConfiguration;
			buildSettings = {
				ALWAYS_SEARCH_USER_PATHS = NO;
				ASSETCATALOG_COMPILER_GENERATE_SWIFT_ASSET_SYMBOL_EXTENSIONS = YES;
				CLANG_ANALYZER_NONNULL = YES;
				CLANG_ANALYZER_NUMBER_OBJECT_CONVERSION = YES_AGGRESSIVE;
				CLANG_CXX_LANGUAGE_STANDARD = "gnu++20";
				CLANG_ENABLE_MODULES = YES;
				CLANG_ENABLE_OBJC_ARC = YES;
				CLANG_ENABLE_OBJC_WEAK = YES;
				CLANG_WARN_BLOCK_CAPTURE_AUTORELEASING = YES;
				CLANG_WARN_BOOL_CONVERSION = YES;
				CLANG_WARN_COMMA = YES;
				CLANG_WARN_CONSTANT_CONVERSION = YES;
				CLANG_WARN_DEPRECATED_OBJC_IMPLEMENTATIONS = YES;
				CLANG_WARN_DIRECT_OBJC_ISA_USAGE = YES_ERROR;
				CLANG_WARN_DOCUMENTATION_COMMENTS = YES;
				CLANG_WARN_EMPTY_BODY = YES;
				CLANG_WARN_ENUM_CONVERSION = YES;
				CLANG_WARN_INFINITE_RECURSION = YES;
				CLANG_WARN_INT_CONVERSION = YES;
				CLANG_WARN_NON_LITERAL_NULL_CONVERSION = YES;
				CLANG_WARN_OBJC_IMPLICIT_RETAIN_SELF = YES;
				CLANG_WARN_OBJC_LITERAL_CONVERSION = YES;
				CLANG_WARN_OBJC_ROOT_CLASS = YES_ERROR;
				CLANG_WARN_QUOTED_INCLUDE_IN_FRAMEWORK_HEADER = YES;
				CLANG_WARN_RANGE_LOOP_ANALYSIS = YES;
				CLANG_WARN_STRICT_PROTOTYPES = YES;
				CLANG_WARN_SUSPICIOUS_MOVE = YES;
				CLANG_WARN_UNGUARDED_AVAILABILITY = YES_AGGRESSIVE;
				CLANG_WARN_UNREACHABLE_CODE = YES;
				CLANG_WARN__DUPLICATE_METHOD_MATCH = YES;
				COPY_PHASE_STRIP = NO;
				DEBUG_INFORMATION_FORMAT = "dwarf-with-dsym";
				ENABLE_NS_ASSERTIONS = NO;
				ENABLE_STRICT_OBJC_MSGSEND = YES;
				ENABLE_USER_SCRIPT_SANDBOXING = YES;
				GCC_C_LANGUAGE_STANDARD = gnu17;
				GCC_NO_COMMON_BLOCKS = YES;
				GCC_WARN_64_TO_32_BIT_CONVERSION = YES;
				GCC_WARN_ABOUT_RETURN_TYPE = YES_ERROR;
				GCC_WARN_UNDECLARED_SELECTOR = YES;
				GCC_WARN_UNINITIALIZED_AUTOS = YES_AGGRESSIVE;
				GCC_WARN_UNUSED_FUNCTION = YES;
				GCC_WARN_UNUSED_VARIABLE = YES;
				IPHONEOS_DEPLOYMENT_TARGET = 17.4;
				LOCALIZATION_PREFERS_STRING_CATALOGS = YES;
				MTL_ENABLE_DEBUG_INFO = NO;
				MTL_FAST_MATH = YES;
				SDKROOT = iphoneos;
				SWIFT_COMPILATION_MODE = wholemodule;
				VALIDATE_PRODUCT = YES;
			};
			name = Release;
		};
		08461AA92BAE79FB00A739BA /* Debug */ = {
			isa = XCBuildConfiguration;
			buildSettings = {
				ASSETCATALOG_COMPILER_APPICON_NAME = AppIcon;
				ASSETCATALOG_COMPILER_GLOBAL_ACCENT_COLOR_NAME = AccentColor;
				CODE_SIGN_STYLE = Automatic;
				CURRENT_PROJECT_VERSION = 1;
				DEVELOPMENT_ASSET_PATHS = "\"HBA/Preview Content\"";
				DEVELOPMENT_TEAM = KJ8CC8WSS5;
				ENABLE_PREVIEWS = YES;
				GENERATE_INFOPLIST_FILE = YES;
				INFOPLIST_KEY_UIApplicationSceneManifest_Generation = YES;
				INFOPLIST_KEY_UIApplicationSupportsIndirectInputEvents = YES;
				INFOPLIST_KEY_UILaunchScreen_Generation = YES;
				INFOPLIST_KEY_UISupportedInterfaceOrientations_iPad = "UIInterfaceOrientationPortrait UIInterfaceOrientationPortraitUpsideDown UIInterfaceOrientationLandscapeLeft UIInterfaceOrientationLandscapeRight";
				INFOPLIST_KEY_UISupportedInterfaceOrientations_iPhone = "UIInterfaceOrientationPortrait UIInterfaceOrientationLandscapeLeft UIInterfaceOrientationLandscapeRight";
				LD_RUNPATH_SEARCH_PATHS = (
					"$(inherited)",
					"@executable_path/Frameworks",
				);
				MARKETING_VERSION = 1.0;
				PRODUCT_BUNDLE_IDENTIFIER = com.anuragb.HBA;
				PRODUCT_NAME = "$(TARGET_NAME)";
				SWIFT_EMIT_LOC_STRINGS = YES;
				SWIFT_VERSION = 5.0;
				TARGETED_DEVICE_FAMILY = "1,2";
			};
			name = Debug;
		};
		08461AAA2BAE79FB00A739BA /* Release */ = {
			isa = XCBuildConfiguration;
			buildSettings = {
				ASSETCATALOG_COMPILER_APPICON_NAME = AppIcon;
				ASSETCATALOG_COMPILER_GLOBAL_ACCENT_COLOR_NAME = AccentColor;
				CODE_SIGN_STYLE = Automatic;
				CURRENT_PROJECT_VERSION = 1;
				DEVELOPMENT_ASSET_PATHS = "\"HBA/Preview Content\"";
				DEVELOPMENT_TEAM = KJ8CC8WSS5;
				ENABLE_PREVIEWS = YES;
				GENERATE_INFOPLIST_FILE = YES;
				INFOPLIST_KEY_UIApplicationSceneManifest_Generation = YES;
				INFOPLIST_KEY_UIApplicationSupportsIndirectInputEvents = YES;
				INFOPLIST_KEY_UILaunchScreen_Generation = YES;
				INFOPLIST_KEY_UISupportedInterfaceOrientations_iPad = "UIInterfaceOrientationPortrait UIInterfaceOrientationPortraitUpsideDown UIInterfaceOrientationLandscapeLeft UIInterfaceOrientationLandscapeRight";
				INFOPLIST_KEY_UISupportedInterfaceOrientations_iPhone = "UIInterfaceOrientationPortrait UIInterfaceOrientationLandscapeLeft UIInterfaceOrientationLandscapeRight";
				LD_RUNPATH_SEARCH_PATHS = (
					"$(inherited)",
					"@executable_path/Frameworks",
				);
				MARKETING_VERSION = 1.0;
				PRODUCT_BUNDLE_IDENTIFIER = com.anuragb.HBA;
				PRODUCT_NAME = "$(TARGET_NAME)";
				SWIFT_EMIT_LOC_STRINGS = YES;
				SWIFT_VERSION = 5.0;
				TARGETED_DEVICE_FAMILY = "1,2";
			};
			name = Release;
		};
/* End XCBuildConfiguration section */

/* Begin XCConfigurationList section */
		08461A952BAE79F900A739BA /* Build configuration list for PBXProject "HBA" */ = {
			isa = XCConfigurationList;
			buildConfigurations = (
				08461AA62BAE79FB00A739BA /* Debug */,
				08461AA72BAE79FB00A739BA /* Release */,
			);
			defaultConfigurationIsVisible = 0;
			defaultConfigurationName = Release;
		};
		08461AA82BAE79FB00A739BA /* Build configuration list for PBXNativeTarget "HBA" */ = {
			isa = XCConfigurationList;
			buildConfigurations = (
				08461AA92BAE79FB00A739BA /* Debug */,
				08461AAA2BAE79FB00A739BA /* Release */,
			);
			defaultConfigurationIsVisible = 0;
			defaultConfigurationName = Release;
		};
/* End XCConfigurationList section */

/* Begin XCRemoteSwiftPackageReference section */
		083550202BC722A6009EE423 /* XCRemoteSwiftPackageReference "firebase-ios-sdk" */ = {
			isa = XCRemoteSwiftPackageReference;
			repositoryURL = "https://github.com/firebase/firebase-ios-sdk";
			requirement = {
				kind = upToNextMajorVersion;
				minimumVersion = 10.24.0;
			};
		};
/* End XCRemoteSwiftPackageReference section */

/* Begin XCSwiftPackageProductDependency section */
		083550212BC722A6009EE423 /* FirebaseAnalytics */ = {
			isa = XCSwiftPackageProductDependency;
			package = 083550202BC722A6009EE423 /* XCRemoteSwiftPackageReference "firebase-ios-sdk" */;
			productName = FirebaseAnalytics;
		};
		083550232BC722A6009EE423 /* FirebaseAnalyticsSwift */ = {
			isa = XCSwiftPackageProductDependency;
			package = 083550202BC722A6009EE423 /* XCRemoteSwiftPackageReference "firebase-ios-sdk" */;
			productName = FirebaseAnalyticsSwift;
		};
		083550252BC722A6009EE423 /* FirebaseAuth */ = {
			isa = XCSwiftPackageProductDependency;
			package = 083550202BC722A6009EE423 /* XCRemoteSwiftPackageReference "firebase-ios-sdk" */;
			productName = FirebaseAuth;
		};
		083550272BC722A6009EE423 /* FirebaseCrashlytics */ = {
			isa = XCSwiftPackageProductDependency;
			package = 083550202BC722A6009EE423 /* XCRemoteSwiftPackageReference "firebase-ios-sdk" */;
			productName = FirebaseCrashlytics;
		};
		083550292BC722A6009EE423 /* FirebaseDatabase */ = {
			isa = XCSwiftPackageProductDependency;
			package = 083550202BC722A6009EE423 /* XCRemoteSwiftPackageReference "firebase-ios-sdk" */;
			productName = FirebaseDatabase;
		};
		0835502B2BC722A6009EE423 /* FirebaseDatabaseSwift */ = {
			isa = XCSwiftPackageProductDependency;
			package = 083550202BC722A6009EE423 /* XCRemoteSwiftPackageReference "firebase-ios-sdk" */;
			productName = FirebaseDatabaseSwift;
		};
/* End XCSwiftPackageProductDependency section */
	};
	rootObject = 08461A922BAE79F900A739BA /* Project object */;
}
